// !$*UTF8*$!
{
	archiveVersion = 1;
	classes = {
	};
	objectVersion = 55;
	objects = {

/* Begin PBXBuildFile section */
		096828B529488FAB001CC69B /* MailModel.swift in Sources */ = {isa = PBXBuildFile; fileRef = 096828B429488FAB001CC69B /* MailModel.swift */; };
		096828B729489065001CC69B /* client_912067323625-i75qh1u2fb7h89ugl0jp8433s8gckccr.apps.googleusercontent.com.plist in Resources */ = {isa = PBXBuildFile; fileRef = 096828B629489065001CC69B /* client_912067323625-i75qh1u2fb7h89ugl0jp8433s8gckccr.apps.googleusercontent.com.plist */; };
		096828BC29489BDB001CC69B /* SendAccessToken.swift in Sources */ = {isa = PBXBuildFile; fileRef = 096828BB29489BDB001CC69B /* SendAccessToken.swift */; };
		09E909F329488F0500593480 /* EmailProjectApp.swift in Sources */ = {isa = PBXBuildFile; fileRef = 09E909F229488F0500593480 /* EmailProjectApp.swift */; };
		09E909F529488F0500593480 /* ContentView.swift in Sources */ = {isa = PBXBuildFile; fileRef = 09E909F429488F0500593480 /* ContentView.swift */; };
		09E909F729488F0500593480 /* Assets.xcassets in Resources */ = {isa = PBXBuildFile; fileRef = 09E909F629488F0500593480 /* Assets.xcassets */; };
		09E909FA29488F0500593480 /* Preview Assets.xcassets in Resources */ = {isa = PBXBuildFile; fileRef = 09E909F929488F0500593480 /* Preview Assets.xcassets */; };
		DF1215F94CB6D9DA4F0FAE26 /* Pods_EmailProject.framework in Frameworks */ = {isa = PBXBuildFile; fileRef = 22E87495566DD78CB232F10E /* Pods_EmailProject.framework */; };
/* End PBXBuildFile section */

/* Begin PBXFileReference section */
		096828B429488FAB001CC69B /* MailModel.swift */ = {isa = PBXFileReference; lastKnownFileType = sourcecode.swift; path = MailModel.swift; sourceTree = "<group>"; };
		096828B629489065001CC69B /* client_912067323625-i75qh1u2fb7h89ugl0jp8433s8gckccr.apps.googleusercontent.com.plist */ = {isa = PBXFileReference; fileEncoding = 4; lastKnownFileType = text.plist.xml; path = "client_912067323625-i75qh1u2fb7h89ugl0jp8433s8gckccr.apps.googleusercontent.com.plist"; sourceTree = "<group>"; };
		096828B82948908D001CC69B /* Info.plist */ = {isa = PBXFileReference; lastKnownFileType = text.plist; path = Info.plist; sourceTree = "<group>"; };
		096828BB29489BDB001CC69B /* SendAccessToken.swift */ = {isa = PBXFileReference; lastKnownFileType = sourcecode.swift; path = SendAccessToken.swift; sourceTree = "<group>"; };
		09E909EF29488F0500593480 /* EmailProject.app */ = {isa = PBXFileReference; explicitFileType = wrapper.application; includeInIndex = 0; path = EmailProject.app; sourceTree = BUILT_PRODUCTS_DIR; };
		09E909F229488F0500593480 /* EmailProjectApp.swift */ = {isa = PBXFileReference; lastKnownFileType = sourcecode.swift; path = EmailProjectApp.swift; sourceTree = "<group>"; };
		09E909F429488F0500593480 /* ContentView.swift */ = {isa = PBXFileReference; lastKnownFileType = sourcecode.swift; path = ContentView.swift; sourceTree = "<group>"; };
		09E909F629488F0500593480 /* Assets.xcassets */ = {isa = PBXFileReference; lastKnownFileType = folder.assetcatalog; path = Assets.xcassets; sourceTree = "<group>"; };
		09E909F929488F0500593480 /* Preview Assets.xcassets */ = {isa = PBXFileReference; lastKnownFileType = folder.assetcatalog; path = "Preview Assets.xcassets"; sourceTree = "<group>"; };
		22E87495566DD78CB232F10E /* Pods_EmailProject.framework */ = {isa = PBXFileReference; explicitFileType = wrapper.framework; includeInIndex = 0; path = Pods_EmailProject.framework; sourceTree = BUILT_PRODUCTS_DIR; };
		27C2308D582E0B631DD1FA5E /* Pods-EmailProject.release.xcconfig */ = {isa = PBXFileReference; includeInIndex = 1; lastKnownFileType = text.xcconfig; name = "Pods-EmailProject.release.xcconfig"; path = "Target Support Files/Pods-EmailProject/Pods-EmailProject.release.xcconfig"; sourceTree = "<group>"; };
		284B4E6E72E424D6F19A1C59 /* Pods-EmailProject.debug.xcconfig */ = {isa = PBXFileReference; includeInIndex = 1; lastKnownFileType = text.xcconfig; name = "Pods-EmailProject.debug.xcconfig"; path = "Target Support Files/Pods-EmailProject/Pods-EmailProject.debug.xcconfig"; sourceTree = "<group>"; };
/* End PBXFileReference section */

/* Begin PBXFrameworksBuildPhase section */
		09E909EC29488F0500593480 /* Frameworks */ = {
			isa = PBXFrameworksBuildPhase;
			buildActionMask = 2147483647;
			files = (
				DF1215F94CB6D9DA4F0FAE26 /* Pods_EmailProject.framework in Frameworks */,
			);
			runOnlyForDeploymentPostprocessing = 0;
		};
/* End PBXFrameworksBuildPhase section */

/* Begin PBXGroup section */
		09E909E629488F0500593480 = {
			isa = PBXGroup;
			children = (
				09E909F129488F0500593480 /* EmailProject */,
				AA518F3D4DD74D9B5DE06DEC /* Pods */,
				617036C20FE45E2CA94BFD65 /* Frameworks */,
			);
			sourceTree = "<group>";
		};
		09E909F029488F0500593480 /* Products */ = {
			isa = PBXGroup;
			children = (
				09E909EF29488F0500593480 /* EmailProject.app */,
			);
			name = Products;
			path = ..;
			sourceTree = "<group>";
		};
		09E909F129488F0500593480 /* EmailProject */ = {
			isa = PBXGroup;
			children = (
				096828B82948908D001CC69B /* Info.plist */,
				09E909F229488F0500593480 /* EmailProjectApp.swift */,
				09E909F429488F0500593480 /* ContentView.swift */,
				09E909F029488F0500593480 /* Products */,
				09E909F629488F0500593480 /* Assets.xcassets */,
				09E909F829488F0500593480 /* Preview Content */,
				096828B429488FAB001CC69B /* MailModel.swift */,
				096828B629489065001CC69B /* client_912067323625-i75qh1u2fb7h89ugl0jp8433s8gckccr.apps.googleusercontent.com.plist */,
				096828BB29489BDB001CC69B /* SendAccessToken.swift */,
			);
			path = EmailProject;
			sourceTree = "<group>";
		};
		09E909F829488F0500593480 /* Preview Content */ = {
			isa = PBXGroup;
			children = (
				09E909F929488F0500593480 /* Preview Assets.xcassets */,
			);
			path = "Preview Content";
			sourceTree = "<group>";
		};
		617036C20FE45E2CA94BFD65 /* Frameworks */ = {
			isa = PBXGroup;
			children = (
				22E87495566DD78CB232F10E /* Pods_EmailProject.framework */,
			);
			name = Frameworks;
			sourceTree = "<group>";
		};
		AA518F3D4DD74D9B5DE06DEC /* Pods */ = {
			isa = PBXGroup;
			children = (
				284B4E6E72E424D6F19A1C59 /* Pods-EmailProject.debug.xcconfig */,
				27C2308D582E0B631DD1FA5E /* Pods-EmailProject.release.xcconfig */,
			);
			path = Pods;
			sourceTree = "<group>";
		};
/* End PBXGroup section */

/* Begin PBXNativeTarget section */
		09E909EE29488F0500593480 /* EmailProject */ = {
			isa = PBXNativeTarget;
			buildConfigurationList = 09E909FD29488F0500593480 /* Build configuration list for PBXNativeTarget "EmailProject" */;
			buildPhases = (
				BE09965CA77E146FAB10643A /* [CP] Check Pods Manifest.lock */,
				09E909EB29488F0500593480 /* Sources */,
				09E909EC29488F0500593480 /* Frameworks */,
				09E909ED29488F0500593480 /* Resources */,
				DF61EADF3D7EA7FA2960DDBC /* [CP] Embed Pods Frameworks */,
			);
			buildRules = (
			);
			dependencies = (
			);
			name = EmailProject;
			productName = EmailProject;
			productReference = 09E909EF29488F0500593480 /* EmailProject.app */;
			productType = "com.apple.product-type.application";
		};
/* End PBXNativeTarget section */

/* Begin PBXProject section */
		09E909E729488F0500593480 /* Project object */ = {
			isa = PBXProject;
			attributes = {
				BuildIndependentTargetsInParallel = 1;
				LastSwiftUpdateCheck = 1340;
				LastUpgradeCheck = 1340;
				TargetAttributes = {
					09E909EE29488F0500593480 = {
						CreatedOnToolsVersion = 13.4.1;
					};
				};
			};
			buildConfigurationList = 09E909EA29488F0500593480 /* Build configuration list for PBXProject "EmailProject" */;
			compatibilityVersion = "Xcode 13.0";
			developmentRegion = en;
			hasScannedForEncodings = 0;
			knownRegions = (
				en,
				Base,
			);
			mainGroup = 09E909E629488F0500593480;
			productRefGroup = 09E909F029488F0500593480 /* Products */;
			projectDirPath = "";
			projectRoot = "";
			targets = (
				09E909EE29488F0500593480 /* EmailProject */,
			);
		};
/* End PBXProject section */

/* Begin PBXResourcesBuildPhase section */
		09E909ED29488F0500593480 /* Resources */ = {
			isa = PBXResourcesBuildPhase;
			buildActionMask = 2147483647;
			files = (
				09E909FA29488F0500593480 /* Preview Assets.xcassets in Resources */,
				09E909F729488F0500593480 /* Assets.xcassets in Resources */,
				096828B729489065001CC69B /* client_912067323625-i75qh1u2fb7h89ugl0jp8433s8gckccr.apps.googleusercontent.com.plist in Resources */,
			);
			runOnlyForDeploymentPostprocessing = 0;
		};
/* End PBXResourcesBuildPhase section */

/* Begin PBXShellScriptBuildPhase section */
		BE09965CA77E146FAB10643A /* [CP] Check Pods Manifest.lock */ = {
			isa = PBXShellScriptBuildPhase;
			buildActionMask = 2147483647;
			files = (
			);
			inputFileListPaths = (
			);
			inputPaths = (
				"${PODS_PODFILE_DIR_PATH}/Podfile.lock",
				"${PODS_ROOT}/Manifest.lock",
			);
			name = "[CP] Check Pods Manifest.lock";
			outputFileListPaths = (
			);
			outputPaths = (
				"$(DERIVED_FILE_DIR)/Pods-EmailProject-checkManifestLockResult.txt",
			);
			runOnlyForDeploymentPostprocessing = 0;
			shellPath = /bin/sh;
			shellScript = "diff \"${PODS_PODFILE_DIR_PATH}/Podfile.lock\" \"${PODS_ROOT}/Manifest.lock\" > /dev/null\nif [ $? != 0 ] ; then\n    # print error to STDERR\n    echo \"error: The sandbox is not in sync with the Podfile.lock. Run 'pod install' or update your CocoaPods installation.\" >&2\n    exit 1\nfi\n# This output is used by Xcode 'outputs' to avoid re-running this script phase.\necho \"SUCCESS\" > \"${SCRIPT_OUTPUT_FILE_0}\"\n";
			showEnvVarsInLog = 0;
		};
		DF61EADF3D7EA7FA2960DDBC /* [CP] Embed Pods Frameworks */ = {
			isa = PBXShellScriptBuildPhase;
			buildActionMask = 2147483647;
			files = (
			);
			inputFileListPaths = (
				"${PODS_ROOT}/Target Support Files/Pods-EmailProject/Pods-EmailProject-frameworks-${CONFIGURATION}-input-files.xcfilelist",
			);
			name = "[CP] Embed Pods Frameworks";
			outputFileListPaths = (
				"${PODS_ROOT}/Target Support Files/Pods-EmailProject/Pods-EmailProject-frameworks-${CONFIGURATION}-output-files.xcfilelist",
			);
			runOnlyForDeploymentPostprocessing = 0;
			shellPath = /bin/sh;
			shellScript = "\"${PODS_ROOT}/Target Support Files/Pods-EmailProject/Pods-EmailProject-frameworks.sh\"\n";
			showEnvVarsInLog = 0;
		};
/* End PBXShellScriptBuildPhase section */

/* Begin PBXSourcesBuildPhase section */
		09E909EB29488F0500593480 /* Sources */ = {
			isa = PBXSourcesBuildPhase;
			buildActionMask = 2147483647;
			files = (
				09E909F529488F0500593480 /* ContentView.swift in Sources */,
				096828BC29489BDB001CC69B /* SendAccessToken.swift in Sources */,
				09E909F329488F0500593480 /* EmailProjectApp.swift in Sources */,
				096828B529488FAB001CC69B /* MailModel.swift in Sources */,
			);
			runOnlyForDeploymentPostprocessing = 0;
		};
/* End PBXSourcesBuildPhase section */

/* Begin XCBuildConfiguration section */
		09E909FB29488F0500593480 /* Debug */ = {
			isa = XCBuildConfiguration;
			buildSettings = {
				ALWAYS_SEARCH_USER_PATHS = NO;
				CLANG_ANALYZER_NONNULL = YES;
				CLANG_ANALYZER_NUMBER_OBJECT_CONVERSION = YES_AGGRESSIVE;
				CLANG_CXX_LANGUAGE_STANDARD = "gnu++17";
				CLANG_ENABLE_MODULES = YES;
				CLANG_ENABLE_OBJC_ARC = YES;
				CLANG_ENABLE_OBJC_WEAK = YES;
				CLANG_WARN_BLOCK_CAPTURE_AUTORELEASING = YES;
				CLANG_WARN_BOOL_CONVERSION = YES;
				CLANG_WARN_COMMA = YES;
				CLANG_WARN_CONSTANT_CONVERSION = YES;
				CLANG_WARN_DEPRECATED_OBJC_IMPLEMENTATIONS = YES;
				CLANG_WARN_DIRECT_OBJC_ISA_USAGE = YES_ERROR;
				CLANG_WARN_DOCUMENTATION_COMMENTS = YES;
				CLANG_WARN_EMPTY_BODY = YES;
				CLANG_WARN_ENUM_CONVERSION = YES;
				CLANG_WARN_INFINITE_RECURSION = YES;
				CLANG_WARN_INT_CONVERSION = YES;
				CLANG_WARN_NON_LITERAL_NULL_CONVERSION = YES;
				CLANG_WARN_OBJC_IMPLICIT_RETAIN_SELF = YES;
				CLANG_WARN_OBJC_LITERAL_CONVERSION = YES;
				CLANG_WARN_OBJC_ROOT_CLASS = YES_ERROR;
				CLANG_WARN_QUOTED_INCLUDE_IN_FRAMEWORK_HEADER = YES;
				CLANG_WARN_RANGE_LOOP_ANALYSIS = YES;
				CLANG_WARN_STRICT_PROTOTYPES = YES;
				CLANG_WARN_SUSPICIOUS_MOVE = YES;
				CLANG_WARN_UNGUARDED_AVAILABILITY = YES_AGGRESSIVE;
				CLANG_WARN_UNREACHABLE_CODE = YES;
				CLANG_WARN__DUPLICATE_METHOD_MATCH = YES;
				COPY_PHASE_STRIP = NO;
				DEBUG_INFORMATION_FORMAT = dwarf;
				ENABLE_STRICT_OBJC_MSGSEND = YES;
				ENABLE_TESTABILITY = YES;
				GCC_C_LANGUAGE_STANDARD = gnu11;
				GCC_DYNAMIC_NO_PIC = NO;
				GCC_NO_COMMON_BLOCKS = YES;
				GCC_OPTIMIZATION_LEVEL = 0;
				GCC_PREPROCESSOR_DEFINITIONS = (
					"DEBUG=1",
					"$(inherited)",
				);
				GCC_WARN_64_TO_32_BIT_CONVERSION = YES;
				GCC_WARN_ABOUT_RETURN_TYPE = YES_ERROR;
				GCC_WARN_UNDECLARED_SELECTOR = YES;
				GCC_WARN_UNINITIALIZED_AUTOS = YES_AGGRESSIVE;
				GCC_WARN_UNUSED_FUNCTION = YES;
				GCC_WARN_UNUSED_VARIABLE = YES;
				IPHONEOS_DEPLOYMENT_TARGET = 15.5;
				MTL_ENABLE_DEBUG_INFO = INCLUDE_SOURCE;
				MTL_FAST_MATH = YES;
				ONLY_ACTIVE_ARCH = YES;
				SDKROOT = iphoneos;
				SWIFT_ACTIVE_COMPILATION_CONDITIONS = DEBUG;
				SWIFT_OPTIMIZATION_LEVEL = "-Onone";
			};
			name = Debug;
		};
		09E909FC29488F0500593480 /* Release */ = {
			isa = XCBuildConfiguration;
			buildSettings = {
				ALWAYS_SEARCH_USER_PATHS = NO;
				CLANG_ANALYZER_NONNULL = YES;
				CLANG_ANALYZER_NUMBER_OBJECT_CONVERSION = YES_AGGRESSIVE;
				CLANG_CXX_LANGUAGE_STANDARD = "gnu++17";
				CLANG_ENABLE_MODULES = YES;
				CLANG_ENABLE_OBJC_ARC = YES;
				CLANG_ENABLE_OBJC_WEAK = YES;
				CLANG_WARN_BLOCK_CAPTURE_AUTORELEASING = YES;
				CLANG_WARN_BOOL_CONVERSION = YES;
				CLANG_WARN_COMMA = YES;
				CLANG_WARN_CONSTANT_CONVERSION = YES;
				CLANG_WARN_DEPRECATED_OBJC_IMPLEMENTATIONS = YES;
				CLANG_WARN_DIRECT_OBJC_ISA_USAGE = YES_ERROR;
				CLANG_WARN_DOCUMENTATION_COMMENTS = YES;
				CLANG_WARN_EMPTY_BODY = YES;
				CLANG_WARN_ENUM_CONVERSION = YES;
				CLANG_WARN_INFINITE_RECURSION = YES;
				CLANG_WARN_INT_CONVERSION = YES;
				CLANG_WARN_NON_LITERAL_NULL_CONVERSION = YES;
				CLANG_WARN_OBJC_IMPLICIT_RETAIN_SELF = YES;
				CLANG_WARN_OBJC_LITERAL_CONVERSION = YES;
				CLANG_WARN_OBJC_ROOT_CLASS = YES_ERROR;
				CLANG_WARN_QUOTED_INCLUDE_IN_FRAMEWORK_HEADER = YES;
				CLANG_WARN_RANGE_LOOP_ANALYSIS = YES;
				CLANG_WARN_STRICT_PROTOTYPES = YES;
				CLANG_WARN_SUSPICIOUS_MOVE = YES;
				CLANG_WARN_UNGUARDED_AVAILABILITY = YES_AGGRESSIVE;
				CLANG_WARN_UNREACHABLE_CODE = YES;
				CLANG_WARN__DUPLICATE_METHOD_MATCH = YES;
				COPY_PHASE_STRIP = NO;
				DEBUG_INFORMATION_FORMAT = "dwarf-with-dsym";
				ENABLE_NS_ASSERTIONS = NO;
				ENABLE_STRICT_OBJC_MSGSEND = YES;
				GCC_C_LANGUAGE_STANDARD = gnu11;
				GCC_NO_COMMON_BLOCKS = YES;
				GCC_WARN_64_TO_32_BIT_CONVERSION = YES;
				GCC_WARN_ABOUT_RETURN_TYPE = YES_ERROR;
				GCC_WARN_UNDECLARED_SELECTOR = YES;
				GCC_WARN_UNINITIALIZED_AUTOS = YES_AGGRESSIVE;
				GCC_WARN_UNUSED_FUNCTION = YES;
				GCC_WARN_UNUSED_VARIABLE = YES;
				IPHONEOS_DEPLOYMENT_TARGET = 15.5;
				MTL_ENABLE_DEBUG_INFO = NO;
				MTL_FAST_MATH = YES;
				SDKROOT = iphoneos;
				SWIFT_COMPILATION_MODE = wholemodule;
				SWIFT_OPTIMIZATION_LEVEL = "-O";
				VALIDATE_PRODUCT = YES;
			};
			name = Release;
		};
		09E909FE29488F0500593480 /* Debug */ = {
			isa = XCBuildConfiguration;
			baseConfigurationReference = 284B4E6E72E424D6F19A1C59 /* Pods-EmailProject.debug.xcconfig */;
			buildSettings = {
				ASSETCATALOG_COMPILER_APPICON_NAME = AppIcon;
				ASSETCATALOG_COMPILER_GLOBAL_ACCENT_COLOR_NAME = AccentColor;
				CODE_SIGN_STYLE = Automatic;
				CURRENT_PROJECT_VERSION = 1;
				DEVELOPMENT_ASSET_PATHS = "\"EmailProject/Preview Content\"";
				DEVELOPMENT_TEAM = 4AA3UHVMV6;
				ENABLE_PREVIEWS = YES;
				GENERATE_INFOPLIST_FILE = YES;
				INFOPLIST_FILE = EmailProject/Info.plist;
				INFOPLIST_KEY_UIApplicationSceneManifest_Generation = YES;
				INFOPLIST_KEY_UIApplicationSupportsIndirectInputEvents = YES;
				INFOPLIST_KEY_UILaunchScreen_Generation = YES;
				INFOPLIST_KEY_UISupportedInterfaceOrientations_iPad = "UIInterfaceOrientationPortrait UIInterfaceOrientationPortraitUpsideDown UIInterfaceOrientationLandscapeLeft UIInterfaceOrientationLandscapeRight";
				INFOPLIST_KEY_UISupportedInterfaceOrientations_iPhone = "UIInterfaceOrientationPortrait UIInterfaceOrientationLandscapeLeft UIInterfaceOrientationLandscapeRight";
				LD_RUNPATH_SEARCH_PATHS = (
					"$(inherited)",
					"@executable_path/Frameworks",
				);
				MARKETING_VERSION = 1.0;
				PRODUCT_BUNDLE_IDENTIFIER = com.bedirhanaltun.EmailProject;
				PRODUCT_NAME = "$(TARGET_NAME)";
				SWIFT_EMIT_LOC_STRINGS = YES;
				SWIFT_VERSION = 5.0;
				TARGETED_DEVICE_FAMILY = "1,2";
			};
			name = Debug;
		};
		09E909FF29488F0500593480 /* Release */ = {
			isa = XCBuildConfiguration;
			baseConfigurationReference = 27C2308D582E0B631DD1FA5E /* Pods-EmailProject.release.xcconfig */;
			buildSettings = {
				ASSETCATALOG_COMPILER_APPICON_NAME = AppIcon;
				ASSETCATALOG_COMPILER_GLOBAL_ACCENT_COLOR_NAME = AccentColor;
				CODE_SIGN_STYLE = Automatic;
				CURRENT_PROJECT_VERSION = 1;
				DEVELOPMENT_ASSET_PATHS = "\"EmailProject/Preview Content\"";
				DEVELOPMENT_TEAM = 4AA3UHVMV6;
				ENABLE_PREVIEWS = YES;
				GENERATE_INFOPLIST_FILE = YES;
				INFOPLIST_FILE = EmailProject/Info.plist;
				INFOPLIST_KEY_UIApplicationSceneManifest_Generation = YES;
				INFOPLIST_KEY_UIApplicationSupportsIndirectInputEvents = YES;
				INFOPLIST_KEY_UILaunchScreen_Generation = YES;
				INFOPLIST_KEY_UISupportedInterfaceOrientations_iPad = "UIInterfaceOrientationPortrait UIInterfaceOrientationPortraitUpsideDown UIInterfaceOrientationLandscapeLeft UIInterfaceOrientationLandscapeRight";
				INFOPLIST_KEY_UISupportedInterfaceOrientations_iPhone = "UIInterfaceOrientationPortrait UIInterfaceOrientationLandscapeLeft UIInterfaceOrientationLandscapeRight";
				LD_RUNPATH_SEARCH_PATHS = (
					"$(inherited)",
					"@executable_path/Frameworks",
				);
				MARKETING_VERSION = 1.0;
				PRODUCT_BUNDLE_IDENTIFIER = com.bedirhanaltun.EmailProject;
				PRODUCT_NAME = "$(TARGET_NAME)";
				SWIFT_EMIT_LOC_STRINGS = YES;
				SWIFT_VERSION = 5.0;
				TARGETED_DEVICE_FAMILY = "1,2";
			};
			name = Release;
		};
/* End XCBuildConfiguration section */

/* Begin XCConfigurationList section */
		09E909EA29488F0500593480 /* Build configuration list for PBXProject "EmailProject" */ = {
			isa = XCConfigurationList;
			buildConfigurations = (
				09E909FB29488F0500593480 /* Debug */,
				09E909FC29488F0500593480 /* Release */,
			);
			defaultConfigurationIsVisible = 0;
			defaultConfigurationName = Release;
		};
		09E909FD29488F0500593480 /* Build configuration list for PBXNativeTarget "EmailProject" */ = {
			isa = XCConfigurationList;
			buildConfigurations = (
				09E909FE29488F0500593480 /* Debug */,
				09E909FF29488F0500593480 /* Release */,
			);
			defaultConfigurationIsVisible = 0;
			defaultConfigurationName = Release;
		};
/* End XCConfigurationList section */
	};
	rootObject = 09E909E729488F0500593480 /* Project object */;
}
